// !$*UTF8*$!
{
	archiveVersion = 1;
	classes = {
	};
	objectVersion = 56;
	objects = {

/* Begin PBXBuildFile section */
		396AEFC52C8F298B002EA340 /* PrewarmingApp.swift in Sources */ = {isa = PBXBuildFile; fileRef = 396AEFC42C8F298B002EA340 /* PrewarmingApp.swift */; };
		396AEFC72C8F298B002EA340 /* ContentView.swift in Sources */ = {isa = PBXBuildFile; fileRef = 396AEFC62C8F298B002EA340 /* ContentView.swift */; };
		396AEFC92C8F298C002EA340 /* Assets.xcassets in Resources */ = {isa = PBXBuildFile; fileRef = 396AEFC82C8F298C002EA340 /* Assets.xcassets */; };
		396AEFCC2C8F298C002EA340 /* Preview Assets.xcassets in Resources */ = {isa = PBXBuildFile; fileRef = 396AEFCB2C8F298C002EA340 /* Preview Assets.xcassets */; };
		396AEFD92C8F29D1002EA340 /* WidgetKit.framework in Frameworks */ = {isa = PBXBuildFile; fileRef = 396AEFD82C8F29D1002EA340 /* WidgetKit.framework */; };
		396AEFDB2C8F29D1002EA340 /* SwiftUI.framework in Frameworks */ = {isa = PBXBuildFile; fileRef = 396AEFDA2C8F29D1002EA340 /* SwiftUI.framework */; };
		396AEFDE2C8F29D1002EA340 /* PrewarmingExtBundle.swift in Sources */ = {isa = PBXBuildFile; fileRef = 396AEFDD2C8F29D1002EA340 /* PrewarmingExtBundle.swift */; };
		396AEFE02C8F29D1002EA340 /* PrewarmingExtLiveActivity.swift in Sources */ = {isa = PBXBuildFile; fileRef = 396AEFDF2C8F29D1002EA340 /* PrewarmingExtLiveActivity.swift */; };
		396AEFE22C8F29D1002EA340 /* PrewarmingExt.swift in Sources */ = {isa = PBXBuildFile; fileRef = 396AEFE12C8F29D1002EA340 /* PrewarmingExt.swift */; };
		396AEFE42C8F29D1002EA340 /* AppIntent.swift in Sources */ = {isa = PBXBuildFile; fileRef = 396AEFE32C8F29D1002EA340 /* AppIntent.swift */; };
		396AEFE62C8F29D2002EA340 /* Assets.xcassets in Resources */ = {isa = PBXBuildFile; fileRef = 396AEFE52C8F29D2002EA340 /* Assets.xcassets */; };
		396AEFEA2C8F29D2002EA340 /* PrewarmingExtExtension.appex in Embed Foundation Extensions */ = {isa = PBXBuildFile; fileRef = 396AEFD62C8F29D1002EA340 /* PrewarmingExtExtension.appex */; settings = {ATTRIBUTES = (RemoveHeadersOnCopy, ); }; };
		396AEFF12C8F2B9C002EA340 /* PrewarmingExtAttributes.swift in Sources */ = {isa = PBXBuildFile; fileRef = 396AEFF02C8F2B9C002EA340 /* PrewarmingExtAttributes.swift */; };
		396AEFF22C8F2BA9002EA340 /* PrewarmingExtAttributes.swift in Sources */ = {isa = PBXBuildFile; fileRef = 396AEFF02C8F2B9C002EA340 /* PrewarmingExtAttributes.swift */; };
		39EF0A802C99818400E01D22 /* Date+Extension.swift in Sources */ = {isa = PBXBuildFile; fileRef = 39EF0A7F2C99818400E01D22 /* Date+Extension.swift */; };
/* End PBXBuildFile section */

/* Begin PBXContainerItemProxy section */
		396AEFE82C8F29D2002EA340 /* PBXContainerItemProxy */ = {
			isa = PBXContainerItemProxy;
			containerPortal = 396AEFB92C8F298B002EA340 /* Project object */;
			proxyType = 1;
			remoteGlobalIDString = 396AEFD52C8F29D1002EA340;
			remoteInfo = PrewarmingExtExtension;
		};
/* End PBXContainerItemProxy section */

/* Begin PBXCopyFilesBuildPhase section */
		396AEFEE2C8F29D2002EA340 /* Embed Foundation Extensions */ = {
			isa = PBXCopyFilesBuildPhase;
			buildActionMask = 2147483647;
			dstPath = "";
			dstSubfolderSpec = 13;
			files = (
				396AEFEA2C8F29D2002EA340 /* PrewarmingExtExtension.appex in Embed Foundation Extensions */,
			);
			name = "Embed Foundation Extensions";
			runOnlyForDeploymentPostprocessing = 0;
		};
/* End PBXCopyFilesBuildPhase section */

/* Begin PBXFileReference section */
		396AEFC12C8F298B002EA340 /* Prewarming.app */ = {isa = PBXFileReference; explicitFileType = wrapper.application; includeInIndex = 0; path = Prewarming.app; sourceTree = BUILT_PRODUCTS_DIR; };
		396AEFC42C8F298B002EA340 /* PrewarmingApp.swift */ = {isa = PBXFileReference; lastKnownFileType = sourcecode.swift; path = PrewarmingApp.swift; sourceTree = "<group>"; };
		396AEFC62C8F298B002EA340 /* ContentView.swift */ = {isa = PBXFileReference; lastKnownFileType = sourcecode.swift; path = ContentView.swift; sourceTree = "<group>"; };
		396AEFC82C8F298C002EA340 /* Assets.xcassets */ = {isa = PBXFileReference; lastKnownFileType = folder.assetcatalog; path = Assets.xcassets; sourceTree = "<group>"; };
		396AEFCB2C8F298C002EA340 /* Preview Assets.xcassets */ = {isa = PBXFileReference; lastKnownFileType = folder.assetcatalog; path = "Preview Assets.xcassets"; sourceTree = "<group>"; };
		396AEFD62C8F29D1002EA340 /* PrewarmingExtExtension.appex */ = {isa = PBXFileReference; explicitFileType = "wrapper.app-extension"; includeInIndex = 0; path = PrewarmingExtExtension.appex; sourceTree = BUILT_PRODUCTS_DIR; };
		396AEFD82C8F29D1002EA340 /* WidgetKit.framework */ = {isa = PBXFileReference; lastKnownFileType = wrapper.framework; name = WidgetKit.framework; path = System/Library/Frameworks/WidgetKit.framework; sourceTree = SDKROOT; };
		396AEFDA2C8F29D1002EA340 /* SwiftUI.framework */ = {isa = PBXFileReference; lastKnownFileType = wrapper.framework; name = SwiftUI.framework; path = System/Library/Frameworks/SwiftUI.framework; sourceTree = SDKROOT; };
		396AEFDD2C8F29D1002EA340 /* PrewarmingExtBundle.swift */ = {isa = PBXFileReference; lastKnownFileType = sourcecode.swift; path = PrewarmingExtBundle.swift; sourceTree = "<group>"; };
		396AEFDF2C8F29D1002EA340 /* PrewarmingExtLiveActivity.swift */ = {isa = PBXFileReference; lastKnownFileType = sourcecode.swift; path = PrewarmingExtLiveActivity.swift; sourceTree = "<group>"; };
		396AEFE12C8F29D1002EA340 /* PrewarmingExt.swift */ = {isa = PBXFileReference; lastKnownFileType = sourcecode.swift; path = PrewarmingExt.swift; sourceTree = "<group>"; };
		396AEFE32C8F29D1002EA340 /* AppIntent.swift */ = {isa = PBXFileReference; lastKnownFileType = sourcecode.swift; path = AppIntent.swift; sourceTree = "<group>"; };
		396AEFE52C8F29D2002EA340 /* Assets.xcassets */ = {isa = PBXFileReference; lastKnownFileType = folder.assetcatalog; path = Assets.xcassets; sourceTree = "<group>"; };
		396AEFE72C8F29D2002EA340 /* Info.plist */ = {isa = PBXFileReference; lastKnownFileType = text.plist.xml; path = Info.plist; sourceTree = "<group>"; };
		396AEFF02C8F2B9C002EA340 /* PrewarmingExtAttributes.swift */ = {isa = PBXFileReference; lastKnownFileType = sourcecode.swift; path = PrewarmingExtAttributes.swift; sourceTree = "<group>"; };
		396AEFF32C8F2D34002EA340 /* Info.plist */ = {isa = PBXFileReference; lastKnownFileType = text.plist; path = Info.plist; sourceTree = "<group>"; };
		39EF0A7F2C99818400E01D22 /* Date+Extension.swift */ = {isa = PBXFileReference; lastKnownFileType = sourcecode.swift; path = "Date+Extension.swift"; sourceTree = "<group>"; };
/* End PBXFileReference section */

/* Begin PBXFrameworksBuildPhase section */
		396AEFBE2C8F298B002EA340 /* Frameworks */ = {
			isa = PBXFrameworksBuildPhase;
			buildActionMask = 2147483647;
			files = (
			);
			runOnlyForDeploymentPostprocessing = 0;
		};
		396AEFD32C8F29D1002EA340 /* Frameworks */ = {
			isa = PBXFrameworksBuildPhase;
			buildActionMask = 2147483647;
			files = (
				396AEFDB2C8F29D1002EA340 /* SwiftUI.framework in Frameworks */,
				396AEFD92C8F29D1002EA340 /* WidgetKit.framework in Frameworks */,
			);
			runOnlyForDeploymentPostprocessing = 0;
		};
/* End PBXFrameworksBuildPhase section */

/* Begin PBXGroup section */
		396AEFB82C8F298B002EA340 = {
			isa = PBXGroup;
			children = (
				396AEFEF2C8F2B72002EA340 /* Shared */,
				396AEFC32C8F298B002EA340 /* Prewarming */,
				396AEFDC2C8F29D1002EA340 /* PrewarmingExt */,
				396AEFD72C8F29D1002EA340 /* Frameworks */,
				396AEFC22C8F298B002EA340 /* Products */,
			);
			sourceTree = "<group>";
		};
		396AEFC22C8F298B002EA340 /* Products */ = {
			isa = PBXGroup;
			children = (
				396AEFC12C8F298B002EA340 /* Prewarming.app */,
				396AEFD62C8F29D1002EA340 /* PrewarmingExtExtension.appex */,
			);
			name = Products;
			sourceTree = "<group>";
		};
		396AEFC32C8F298B002EA340 /* Prewarming */ = {
			isa = PBXGroup;
			children = (
				396AEFF32C8F2D34002EA340 /* Info.plist */,
				396AEFC42C8F298B002EA340 /* PrewarmingApp.swift */,
				396AEFC62C8F298B002EA340 /* ContentView.swift */,
				396AEFC82C8F298C002EA340 /* Assets.xcassets */,
				396AEFCA2C8F298C002EA340 /* Preview Content */,
			);
			path = Prewarming;
			sourceTree = "<group>";
		};
		396AEFCA2C8F298C002EA340 /* Preview Content */ = {
			isa = PBXGroup;
			children = (
				396AEFCB2C8F298C002EA340 /* Preview Assets.xcassets */,
			);
			path = "Preview Content";
			sourceTree = "<group>";
		};
		396AEFD72C8F29D1002EA340 /* Frameworks */ = {
			isa = PBXGroup;
			children = (
				396AEFD82C8F29D1002EA340 /* WidgetKit.framework */,
				396AEFDA2C8F29D1002EA340 /* SwiftUI.framework */,
			);
			name = Frameworks;
			sourceTree = "<group>";
		};
		396AEFDC2C8F29D1002EA340 /* PrewarmingExt */ = {
			isa = PBXGroup;
			children = (
				396AEFDD2C8F29D1002EA340 /* PrewarmingExtBundle.swift */,
				396AEFDF2C8F29D1002EA340 /* PrewarmingExtLiveActivity.swift */,
				396AEFE12C8F29D1002EA340 /* PrewarmingExt.swift */,
				396AEFE32C8F29D1002EA340 /* AppIntent.swift */,
				396AEFE52C8F29D2002EA340 /* Assets.xcassets */,
				396AEFE72C8F29D2002EA340 /* Info.plist */,
			);
			path = PrewarmingExt;
			sourceTree = "<group>";
		};
		396AEFEF2C8F2B72002EA340 /* Shared */ = {
			isa = PBXGroup;
			children = (
				396AEFF02C8F2B9C002EA340 /* PrewarmingExtAttributes.swift */,
				39EF0A7F2C99818400E01D22 /* Date+Extension.swift */,
			);
			path = Shared;
			sourceTree = "<group>";
		};
/* End PBXGroup section */

/* Begin PBXNativeTarget section */
		396AEFC02C8F298B002EA340 /* Prewarming */ = {
			isa = PBXNativeTarget;
			buildConfigurationList = 396AEFCF2C8F298C002EA340 /* Build configuration list for PBXNativeTarget "Prewarming" */;
			buildPhases = (
				396AEFBD2C8F298B002EA340 /* Sources */,
				396AEFBE2C8F298B002EA340 /* Frameworks */,
				396AEFBF2C8F298B002EA340 /* Resources */,
				396AEFEE2C8F29D2002EA340 /* Embed Foundation Extensions */,
			);
			buildRules = (
			);
			dependencies = (
				396AEFE92C8F29D2002EA340 /* PBXTargetDependency */,
			);
			name = Prewarming;
			productName = Prewarming;
			productReference = 396AEFC12C8F298B002EA340 /* Prewarming.app */;
			productType = "com.apple.product-type.application";
		};
		396AEFD52C8F29D1002EA340 /* PrewarmingExtExtension */ = {
			isa = PBXNativeTarget;
			buildConfigurationList = 396AEFEB2C8F29D2002EA340 /* Build configuration list for PBXNativeTarget "PrewarmingExtExtension" */;
			buildPhases = (
				396AEFD22C8F29D1002EA340 /* Sources */,
				396AEFD32C8F29D1002EA340 /* Frameworks */,
				396AEFD42C8F29D1002EA340 /* Resources */,
			);
			buildRules = (
			);
			dependencies = (
			);
			name = PrewarmingExtExtension;
			productName = PrewarmingExtExtension;
			productReference = 396AEFD62C8F29D1002EA340 /* PrewarmingExtExtension.appex */;
			productType = "com.apple.product-type.app-extension";
		};
/* End PBXNativeTarget section */

/* Begin PBXProject section */
		396AEFB92C8F298B002EA340 /* Project object */ = {
			isa = PBXProject;
			attributes = {
				BuildIndependentTargetsInParallel = 1;
				LastSwiftUpdateCheck = 1540;
				LastUpgradeCheck = 1540;
				TargetAttributes = {
					396AEFC02C8F298B002EA340 = {
						CreatedOnToolsVersion = 15.4;
					};
					396AEFD52C8F29D1002EA340 = {
						CreatedOnToolsVersion = 15.4;
					};
				};
			};
			buildConfigurationList = 396AEFBC2C8F298B002EA340 /* Build configuration list for PBXProject "Prewarming" */;
			compatibilityVersion = "Xcode 14.0";
			developmentRegion = en;
			hasScannedForEncodings = 0;
			knownRegions = (
				en,
				Base,
			);
			mainGroup = 396AEFB82C8F298B002EA340;
			productRefGroup = 396AEFC22C8F298B002EA340 /* Products */;
			projectDirPath = "";
			projectRoot = "";
			targets = (
				396AEFC02C8F298B002EA340 /* Prewarming */,
				396AEFD52C8F29D1002EA340 /* PrewarmingExtExtension */,
			);
		};
/* End PBXProject section */

/* Begin PBXResourcesBuildPhase section */
		396AEFBF2C8F298B002EA340 /* Resources */ = {
			isa = PBXResourcesBuildPhase;
			buildActionMask = 2147483647;
			files = (
				396AEFCC2C8F298C002EA340 /* Preview Assets.xcassets in Resources */,
				396AEFC92C8F298C002EA340 /* Assets.xcassets in Resources */,
			);
			runOnlyForDeploymentPostprocessing = 0;
		};
		396AEFD42C8F29D1002EA340 /* Resources */ = {
			isa = PBXResourcesBuildPhase;
			buildActionMask = 2147483647;
			files = (
				396AEFE62C8F29D2002EA340 /* Assets.xcassets in Resources */,
			);
			runOnlyForDeploymentPostprocessing = 0;
		};
/* End PBXResourcesBuildPhase section */

/* Begin PBXSourcesBuildPhase section */
		396AEFBD2C8F298B002EA340 /* Sources */ = {
			isa = PBXSourcesBuildPhase;
			buildActionMask = 2147483647;
			files = (
				396AEFC72C8F298B002EA340 /* ContentView.swift in Sources */,
				39EF0A802C99818400E01D22 /* Date+Extension.swift in Sources */,
				396AEFC52C8F298B002EA340 /* PrewarmingApp.swift in Sources */,
				396AEFF12C8F2B9C002EA340 /* PrewarmingExtAttributes.swift in Sources */,
			);
			runOnlyForDeploymentPostprocessing = 0;
		};
		396AEFD22C8F29D1002EA340 /* Sources */ = {
			isa = PBXSourcesBuildPhase;
			buildActionMask = 2147483647;
			files = (
				396AEFE22C8F29D1002EA340 /* PrewarmingExt.swift in Sources */,
				396AEFF22C8F2BA9002EA340 /* PrewarmingExtAttributes.swift in Sources */,
				396AEFE42C8F29D1002EA340 /* AppIntent.swift in Sources */,
				396AEFE02C8F29D1002EA340 /* PrewarmingExtLiveActivity.swift in Sources */,
				396AEFDE2C8F29D1002EA340 /* PrewarmingExtBundle.swift in Sources */,
			);
			runOnlyForDeploymentPostprocessing = 0;
		};
/* End PBXSourcesBuildPhase section */

/* Begin PBXTargetDependency section */
		396AEFE92C8F29D2002EA340 /* PBXTargetDependency */ = {
			isa = PBXTargetDependency;
			target = 396AEFD52C8F29D1002EA340 /* PrewarmingExtExtension */;
			targetProxy = 396AEFE82C8F29D2002EA340 /* PBXContainerItemProxy */;
		};
/* End PBXTargetDependency section */

/* Begin XCBuildConfiguration section */
		396AEFCD2C8F298C002EA340 /* Debug */ = {
			isa = XCBuildConfiguration;
			buildSettings = {
				ALWAYS_SEARCH_USER_PATHS = NO;
				ASSETCATALOG_COMPILER_GENERATE_SWIFT_ASSET_SYMBOL_EXTENSIONS = YES;
				CLANG_ANALYZER_NONNULL = YES;
				CLANG_ANALYZER_NUMBER_OBJECT_CONVERSION = YES_AGGRESSIVE;
				CLANG_CXX_LANGUAGE_STANDARD = "gnu++20";
				CLANG_ENABLE_MODULES = YES;
				CLANG_ENABLE_OBJC_ARC = YES;
				CLANG_ENABLE_OBJC_WEAK = YES;
				CLANG_WARN_BLOCK_CAPTURE_AUTORELEASING = YES;
				CLANG_WARN_BOOL_CONVERSION = YES;
				CLANG_WARN_COMMA = YES;
				CLANG_WARN_CONSTANT_CONVERSION = YES;
				CLANG_WARN_DEPRECATED_OBJC_IMPLEMENTATIONS = YES;
				CLANG_WARN_DIRECT_OBJC_ISA_USAGE = YES_ERROR;
				CLANG_WARN_DOCUMENTATION_COMMENTS = YES;
				CLANG_WARN_EMPTY_BODY = YES;
				CLANG_WARN_ENUM_CONVERSION = YES;
				CLANG_WARN_INFINITE_RECURSION = YES;
				CLANG_WARN_INT_CONVERSION = YES;
				CLANG_WARN_NON_LITERAL_NULL_CONVERSION = YES;
				CLANG_WARN_OBJC_IMPLICIT_RETAIN_SELF = YES;
				CLANG_WARN_OBJC_LITERAL_CONVERSION = YES;
				CLANG_WARN_OBJC_ROOT_CLASS = YES_ERROR;
				CLANG_WARN_QUOTED_INCLUDE_IN_FRAMEWORK_HEADER = YES;
				CLANG_WARN_RANGE_LOOP_ANALYSIS = YES;
				CLANG_WARN_STRICT_PROTOTYPES = YES;
				CLANG_WARN_SUSPICIOUS_MOVE = YES;
				CLANG_WARN_UNGUARDED_AVAILABILITY = YES_AGGRESSIVE;
				CLANG_WARN_UNREACHABLE_CODE = YES;
				CLANG_WARN__DUPLICATE_METHOD_MATCH = YES;
				COPY_PHASE_STRIP = NO;
				DEBUG_INFORMATION_FORMAT = dwarf;
				ENABLE_STRICT_OBJC_MSGSEND = YES;
				ENABLE_TESTABILITY = YES;
				ENABLE_USER_SCRIPT_SANDBOXING = YES;
				GCC_C_LANGUAGE_STANDARD = gnu17;
				GCC_DYNAMIC_NO_PIC = NO;
				GCC_NO_COMMON_BLOCKS = YES;
				GCC_OPTIMIZATION_LEVEL = 0;
				GCC_PREPROCESSOR_DEFINITIONS = (
					"DEBUG=1",
					"$(inherited)",
				);
				GCC_WARN_64_TO_32_BIT_CONVERSION = YES;
				GCC_WARN_ABOUT_RETURN_TYPE = YES_ERROR;
				GCC_WARN_UNDECLARED_SELECTOR = YES;
				GCC_WARN_UNINITIALIZED_AUTOS = YES_AGGRESSIVE;
				GCC_WARN_UNUSED_FUNCTION = YES;
				GCC_WARN_UNUSED_VARIABLE = YES;
				IPHONEOS_DEPLOYMENT_TARGET = 17.5;
				LOCALIZATION_PREFERS_STRING_CATALOGS = YES;
				MTL_ENABLE_DEBUG_INFO = INCLUDE_SOURCE;
				MTL_FAST_MATH = YES;
				ONLY_ACTIVE_ARCH = YES;
				SDKROOT = iphoneos;
				SWIFT_ACTIVE_COMPILATION_CONDITIONS = "DEBUG $(inherited)";
				SWIFT_OPTIMIZATION_LEVEL = "-Onone";
			};
			name = Debug;
		};
		396AEFCE2C8F298C002EA340 /* Release */ = {
			isa = XCBuildConfiguration;
			buildSettings = {
				ALWAYS_SEARCH_USER_PATHS = NO;
				ASSETCATALOG_COMPILER_GENERATE_SWIFT_ASSET_SYMBOL_EXTENSIONS = YES;
				CLANG_ANALYZER_NONNULL = YES;
				CLANG_ANALYZER_NUMBER_OBJECT_CONVERSION = YES_AGGRESSIVE;
				CLANG_CXX_LANGUAGE_STANDARD = "gnu++20";
				CLANG_ENABLE_MODULES = YES;
				CLANG_ENABLE_OBJC_ARC = YES;
				CLANG_ENABLE_OBJC_WEAK = YES;
				CLANG_WARN_BLOCK_CAPTURE_AUTORELEASING = YES;
				CLANG_WARN_BOOL_CONVERSION = YES;
				CLANG_WARN_COMMA = YES;
				CLANG_WARN_CONSTANT_CONVERSION = YES;
				CLANG_WARN_DEPRECATED_OBJC_IMPLEMENTATIONS = YES;
				CLANG_WARN_DIRECT_OBJC_ISA_USAGE = YES_ERROR;
				CLANG_WARN_DOCUMENTATION_COMMENTS = YES;
				CLANG_WARN_EMPTY_BODY = YES;
				CLANG_WARN_ENUM_CONVERSION = YES;
				CLANG_WARN_INFINITE_RECURSION = YES;
				CLANG_WARN_INT_CONVERSION = YES;
				CLANG_WARN_NON_LITERAL_NULL_CONVERSION = YES;
				CLANG_WARN_OBJC_IMPLICIT_RETAIN_SELF = YES;
				CLANG_WARN_OBJC_LITERAL_CONVERSION = YES;
				CLANG_WARN_OBJC_ROOT_CLASS = YES_ERROR;
				CLANG_WARN_QUOTED_INCLUDE_IN_FRAMEWORK_HEADER = YES;
				CLANG_WARN_RANGE_LOOP_ANALYSIS = YES;
				CLANG_WARN_STRICT_PROTOTYPES = YES;
				CLANG_WARN_SUSPICIOUS_MOVE = YES;
				CLANG_WARN_UNGUARDED_AVAILABILITY = YES_AGGRESSIVE;
				CLANG_WARN_UNREACHABLE_CODE = YES;
				CLANG_WARN__DUPLICATE_METHOD_MATCH = YES;
				COPY_PHASE_STRIP = NO;
				DEBUG_INFORMATION_FORMAT = "dwarf-with-dsym";
				ENABLE_NS_ASSERTIONS = NO;
				ENABLE_STRICT_OBJC_MSGSEND = YES;
				ENABLE_USER_SCRIPT_SANDBOXING = YES;
				GCC_C_LANGUAGE_STANDARD = gnu17;
				GCC_NO_COMMON_BLOCKS = YES;
				GCC_WARN_64_TO_32_BIT_CONVERSION = YES;
				GCC_WARN_ABOUT_RETURN_TYPE = YES_ERROR;
				GCC_WARN_UNDECLARED_SELECTOR = YES;
				GCC_WARN_UNINITIALIZED_AUTOS = YES_AGGRESSIVE;
				GCC_WARN_UNUSED_FUNCTION = YES;
				GCC_WARN_UNUSED_VARIABLE = YES;
				IPHONEOS_DEPLOYMENT_TARGET = 17.5;
				LOCALIZATION_PREFERS_STRING_CATALOGS = YES;
				MTL_ENABLE_DEBUG_INFO = NO;
				MTL_FAST_MATH = YES;
				SDKROOT = iphoneos;
				SWIFT_COMPILATION_MODE = wholemodule;
				VALIDATE_PRODUCT = YES;
			};
			name = Release;
		};
		396AEFD02C8F298C002EA340 /* Debug */ = {
			isa = XCBuildConfiguration;
			buildSettings = {
				ALWAYS_EMBED_SWIFT_STANDARD_LIBRARIES = YES;
				ASSETCATALOG_COMPILER_APPICON_NAME = AppIcon;
				ASSETCATALOG_COMPILER_GLOBAL_ACCENT_COLOR_NAME = AccentColor;
				CODE_SIGN_STYLE = Automatic;
				CURRENT_PROJECT_VERSION = 1;
				DEVELOPMENT_ASSET_PATHS = "\"Prewarming/Preview Content\"";
				DEVELOPMENT_TEAM = C5S966A49Y;
				ENABLE_PREVIEWS = YES;
				GENERATE_INFOPLIST_FILE = YES;
				INFOPLIST_FILE = Prewarming/Info.plist;
				INFOPLIST_KEY_NSSupportsLiveActivities = YES;
				INFOPLIST_KEY_UIApplicationSceneManifest_Generation = YES;
				INFOPLIST_KEY_UIApplicationSupportsIndirectInputEvents = YES;
				INFOPLIST_KEY_UILaunchScreen_Generation = YES;
				INFOPLIST_KEY_UISupportedInterfaceOrientations_iPad = "UIInterfaceOrientationPortrait UIInterfaceOrientationPortraitUpsideDown UIInterfaceOrientationLandscapeLeft UIInterfaceOrientationLandscapeRight";
				INFOPLIST_KEY_UISupportedInterfaceOrientations_iPhone = "UIInterfaceOrientationPortrait UIInterfaceOrientationLandscapeLeft UIInterfaceOrientationLandscapeRight";
				IPHONEOS_DEPLOYMENT_TARGET = 17.5;
				LD_RUNPATH_SEARCH_PATHS = (
					"$(inherited)",
					"@executable_path/Frameworks",
				);
				MARKETING_VERSION = 1.0;
				PRODUCT_BUNDLE_IDENTIFIER = com.shape.jonatan.Prewarming;
				PRODUCT_NAME = "$(TARGET_NAME)";
				SUPPORTED_PLATFORMS = "iphoneos iphonesimulator";
				SUPPORTS_MACCATALYST = NO;
				SUPPORTS_MAC_DESIGNED_FOR_IPHONE_IPAD = NO;
				SUPPORTS_XR_DESIGNED_FOR_IPHONE_IPAD = NO;
				SWIFT_EMIT_LOC_STRINGS = YES;
				SWIFT_VERSION = 5.0;
				TARGETED_DEVICE_FAMILY = "1,2";
			};
			name = Debug;
		};
		396AEFD12C8F298C002EA340 /* Release */ = {
			isa = XCBuildConfiguration;
			buildSettings = {
				ALWAYS_EMBED_SWIFT_STANDARD_LIBRARIES = YES;
				ASSETCATALOG_COMPILER_APPICON_NAME = AppIcon;
				ASSETCATALOG_COMPILER_GLOBAL_ACCENT_COLOR_NAME = AccentColor;
				CODE_SIGN_STYLE = Automatic;
				CURRENT_PROJECT_VERSION = 1;
				DEVELOPMENT_ASSET_PATHS = "\"Prewarming/Preview Content\"";
				DEVELOPMENT_TEAM = C5S966A49Y;
				ENABLE_PREVIEWS = YES;
				GENERATE_INFOPLIST_FILE = YES;
				INFOPLIST_FILE = Prewarming/Info.plist;
				INFOPLIST_KEY_NSSupportsLiveActivities = YES;
				INFOPLIST_KEY_UIApplicationSceneManifest_Generation = YES;
				INFOPLIST_KEY_UIApplicationSupportsIndirectInputEvents = YES;
				INFOPLIST_KEY_UILaunchScreen_Generation = YES;
				INFOPLIST_KEY_UISupportedInterfaceOrientations_iPad = "UIInterfaceOrientationPortrait UIInterfaceOrientationPortraitUpsideDown UIInterfaceOrientationLandscapeLeft UIInterfaceOrientationLandscapeRight";
				INFOPLIST_KEY_UISupportedInterfaceOrientations_iPhone = "UIInterfaceOrientationPortrait UIInterfaceOrientationLandscapeLeft UIInterfaceOrientationLandscapeRight";
				IPHONEOS_DEPLOYMENT_TARGET = 17.5;
				LD_RUNPATH_SEARCH_PATHS = (
					"$(inherited)",
					"@executable_path/Frameworks",
				);
				MARKETING_VERSION = 1.0;
				PRODUCT_BUNDLE_IDENTIFIER = com.shape.jonatan.Prewarming;
				PRODUCT_NAME = "$(TARGET_NAME)";
				SUPPORTED_PLATFORMS = "iphoneos iphonesimulator";
				SUPPORTS_MACCATALYST = NO;
				SUPPORTS_MAC_DESIGNED_FOR_IPHONE_IPAD = NO;
				SUPPORTS_XR_DESIGNED_FOR_IPHONE_IPAD = NO;
				SWIFT_EMIT_LOC_STRINGS = YES;
				SWIFT_VERSION = 5.0;
				TARGETED_DEVICE_FAMILY = "1,2";
			};
			name = Release;
		};
		396AEFEC2C8F29D2002EA340 /* Debug */ = {
			isa = XCBuildConfiguration;
			buildSettings = {
				ASSETCATALOG_COMPILER_GLOBAL_ACCENT_COLOR_NAME = AccentColor;
				ASSETCATALOG_COMPILER_WIDGET_BACKGROUND_COLOR_NAME = WidgetBackground;
				CODE_SIGN_STYLE = Automatic;
				CURRENT_PROJECT_VERSION = 1;
				DEVELOPMENT_TEAM = C5S966A49Y;
				GENERATE_INFOPLIST_FILE = YES;
				INFOPLIST_FILE = PrewarmingExt/Info.plist;
				INFOPLIST_KEY_CFBundleDisplayName = PrewarmingExt;
				INFOPLIST_KEY_NSHumanReadableCopyright = "";
				IPHONEOS_DEPLOYMENT_TARGET = 17.5;
				LD_RUNPATH_SEARCH_PATHS = (
					"$(inherited)",
					"@executable_path/Frameworks",
					"@executable_path/../../Frameworks",
				);
				MARKETING_VERSION = 1.0;
				PRODUCT_BUNDLE_IDENTIFIER = com.shape.jonatan.Prewarming.PrewarmingExt;
				PRODUCT_NAME = "$(TARGET_NAME)";
				SKIP_INSTALL = YES;
				SUPPORTED_PLATFORMS = "iphoneos iphonesimulator";
				SUPPORTS_MACCATALYST = NO;
				SUPPORTS_MAC_DESIGNED_FOR_IPHONE_IPAD = NO;
				SUPPORTS_XR_DESIGNED_FOR_IPHONE_IPAD = NO;
				SWIFT_EMIT_LOC_STRINGS = YES;
				SWIFT_VERSION = 5.0;
				TARGETED_DEVICE_FAMILY = "1,2";
			};
			name = Debug;
		};
		396AEFED2C8F29D2002EA340 /* Release */ = {
			isa = XCBuildConfiguration;
			buildSettings = {
				ASSETCATALOG_COMPILER_GLOBAL_ACCENT_COLOR_NAME = AccentColor;
				ASSETCATALOG_COMPILER_WIDGET_BACKGROUND_COLOR_NAME = WidgetBackground;
				CODE_SIGN_STYLE = Automatic;
				CURRENT_PROJECT_VERSION = 1;
				DEVELOPMENT_TEAM = C5S966A49Y;
				GENERATE_INFOPLIST_FILE = YES;
				INFOPLIST_FILE = PrewarmingExt/Info.plist;
				INFOPLIST_KEY_CFBundleDisplayName = PrewarmingExt;
				INFOPLIST_KEY_NSHumanReadableCopyright = "";
				IPHONEOS_DEPLOYMENT_TARGET = 17.5;
				LD_RUNPATH_SEARCH_PATHS = (
					"$(inherited)",
					"@executable_path/Frameworks",
					"@executable_path/../../Frameworks",
				);
				MARKETING_VERSION = 1.0;
				PRODUCT_BUNDLE_IDENTIFIER = com.shape.jonatan.Prewarming.PrewarmingExt;
				PRODUCT_NAME = "$(TARGET_NAME)";
				SKIP_INSTALL = YES;
				SUPPORTED_PLATFORMS = "iphoneos iphonesimulator";
				SUPPORTS_MACCATALYST = NO;
				SUPPORTS_MAC_DESIGNED_FOR_IPHONE_IPAD = NO;
				SUPPORTS_XR_DESIGNED_FOR_IPHONE_IPAD = NO;
				SWIFT_EMIT_LOC_STRINGS = YES;
				SWIFT_VERSION = 5.0;
				TARGETED_DEVICE_FAMILY = "1,2";
			};
			name = Release;
		};
/* End XCBuildConfiguration section */

/* Begin XCConfigurationList section */
		396AEFBC2C8F298B002EA340 /* Build configuration list for PBXProject "Prewarming" */ = {
			isa = XCConfigurationList;
			buildConfigurations = (
				396AEFCD2C8F298C002EA340 /* Debug */,
				396AEFCE2C8F298C002EA340 /* Release */,
			);
			defaultConfigurationIsVisible = 0;
			defaultConfigurationName = Release;
		};
		396AEFCF2C8F298C002EA340 /* Build configuration list for PBXNativeTarget "Prewarming" */ = {
			isa = XCConfigurationList;
			buildConfigurations = (
				396AEFD02C8F298C002EA340 /* Debug */,
				396AEFD12C8F298C002EA340 /* Release */,
			);
			defaultConfigurationIsVisible = 0;
			defaultConfigurationName = Release;
		};
		396AEFEB2C8F29D2002EA340 /* Build configuration list for PBXNativeTarget "PrewarmingExtExtension" */ = {
			isa = XCConfigurationList;
			buildConfigurations = (
				396AEFEC2C8F29D2002EA340 /* Debug */,
				396AEFED2C8F29D2002EA340 /* Release */,
			);
			defaultConfigurationIsVisible = 0;
			defaultConfigurationName = Release;
		};
/* End XCConfigurationList section */
	};
	rootObject = 396AEFB92C8F298B002EA340 /* Project object */;
}
